// !$*UTF8*$!
{
	archiveVersion = 1;
	classes = {
	};
	objectVersion = 50;
	objects = {

/* Begin PBXBuildFile section */
		4195CD69226C64C7009933FE /* AppDelegate.swift in Sources */ = {isa = PBXBuildFile; fileRef = 4195CD68226C64C7009933FE /* AppDelegate.swift */; };
		4195CD6B226C64C7009933FE /* ViewController.swift in Sources */ = {isa = PBXBuildFile; fileRef = 4195CD6A226C64C7009933FE /* ViewController.swift */; };
		4195CD6E226C64C7009933FE /* Main.storyboard in Resources */ = {isa = PBXBuildFile; fileRef = 4195CD6C226C64C7009933FE /* Main.storyboard */; };
		4195CD70226C64C9009933FE /* Assets.xcassets in Resources */ = {isa = PBXBuildFile; fileRef = 4195CD6F226C64C9009933FE /* Assets.xcassets */; };
		4195CD73226C64C9009933FE /* LaunchScreen.storyboard in Resources */ = {isa = PBXBuildFile; fileRef = 4195CD71226C64C9009933FE /* LaunchScreen.storyboard */; };
		4195CD7E226C64CA009933FE /* MobimeoTaskTests.swift in Sources */ = {isa = PBXBuildFile; fileRef = 4195CD7D226C64CA009933FE /* MobimeoTaskTests.swift */; };
		4195CD89226C64CA009933FE /* MobimeoTaskUITests.swift in Sources */ = {isa = PBXBuildFile; fileRef = 4195CD88226C64CA009933FE /* MobimeoTaskUITests.swift */; };
		4195CD98226C6549009933FE /* NetworkClient.swift in Sources */ = {isa = PBXBuildFile; fileRef = 4195CD97226C6549009933FE /* NetworkClient.swift */; };
		4195CD9A226C6562009933FE /* EndpointType.swift in Sources */ = {isa = PBXBuildFile; fileRef = 4195CD99226C6562009933FE /* EndpointType.swift */; };
		4195CD9C226C6598009933FE /* GiphyAPI.swift in Sources */ = {isa = PBXBuildFile; fileRef = 4195CD9B226C6598009933FE /* GiphyAPI.swift */; };
		4195CD9F226C66DC009933FE /* Constants.swift in Sources */ = {isa = PBXBuildFile; fileRef = 4195CD9E226C66DC009933FE /* Constants.swift */; };
		4195CDA2226C67C5009933FE /* Response.swift in Sources */ = {isa = PBXBuildFile; fileRef = 4195CDA1226C67C5009933FE /* Response.swift */; };
		4195CDA4226C7E53009933FE /* Giphy.swift in Sources */ = {isa = PBXBuildFile; fileRef = 4195CDA3226C7E53009933FE /* Giphy.swift */; };
		4195CDA6226C7FDA009933FE /* OriginalGIF.swift in Sources */ = {isa = PBXBuildFile; fileRef = 4195CDA5226C7FDA009933FE /* OriginalGIF.swift */; };
		4195CDA8226C806C009933FE /* GiphyList.swift in Sources */ = {isa = PBXBuildFile; fileRef = 4195CDA7226C806C009933FE /* GiphyList.swift */; };
		4195CDAA226C83E4009933FE /* Images.swift in Sources */ = {isa = PBXBuildFile; fileRef = 4195CDA9226C83E4009933FE /* Images.swift */; };
/* End PBXBuildFile section */

/* Begin PBXContainerItemProxy section */
		4195CD7A226C64CA009933FE /* PBXContainerItemProxy */ = {
			isa = PBXContainerItemProxy;
			containerPortal = 4195CD5D226C64C7009933FE /* Project object */;
			proxyType = 1;
			remoteGlobalIDString = 4195CD64226C64C7009933FE;
			remoteInfo = MobimeoTask;
		};
		4195CD85226C64CA009933FE /* PBXContainerItemProxy */ = {
			isa = PBXContainerItemProxy;
			containerPortal = 4195CD5D226C64C7009933FE /* Project object */;
			proxyType = 1;
			remoteGlobalIDString = 4195CD64226C64C7009933FE;
			remoteInfo = MobimeoTask;
		};
/* End PBXContainerItemProxy section */

/* Begin PBXFileReference section */
		4195CD65226C64C7009933FE /* MobimeoTask.app */ = {isa = PBXFileReference; explicitFileType = wrapper.application; includeInIndex = 0; path = MobimeoTask.app; sourceTree = BUILT_PRODUCTS_DIR; };
		4195CD68226C64C7009933FE /* AppDelegate.swift */ = {isa = PBXFileReference; lastKnownFileType = sourcecode.swift; path = AppDelegate.swift; sourceTree = "<group>"; };
		4195CD6A226C64C7009933FE /* ViewController.swift */ = {isa = PBXFileReference; lastKnownFileType = sourcecode.swift; path = ViewController.swift; sourceTree = "<group>"; };
		4195CD6D226C64C7009933FE /* Base */ = {isa = PBXFileReference; lastKnownFileType = file.storyboard; name = Base; path = Base.lproj/Main.storyboard; sourceTree = "<group>"; };
		4195CD6F226C64C9009933FE /* Assets.xcassets */ = {isa = PBXFileReference; lastKnownFileType = folder.assetcatalog; path = Assets.xcassets; sourceTree = "<group>"; };
		4195CD72226C64C9009933FE /* Base */ = {isa = PBXFileReference; lastKnownFileType = file.storyboard; name = Base; path = Base.lproj/LaunchScreen.storyboard; sourceTree = "<group>"; };
		4195CD74226C64C9009933FE /* Info.plist */ = {isa = PBXFileReference; lastKnownFileType = text.plist.xml; path = Info.plist; sourceTree = "<group>"; };
		4195CD79226C64CA009933FE /* MobimeoTaskTests.xctest */ = {isa = PBXFileReference; explicitFileType = wrapper.cfbundle; includeInIndex = 0; path = MobimeoTaskTests.xctest; sourceTree = BUILT_PRODUCTS_DIR; };
		4195CD7D226C64CA009933FE /* MobimeoTaskTests.swift */ = {isa = PBXFileReference; lastKnownFileType = sourcecode.swift; path = MobimeoTaskTests.swift; sourceTree = "<group>"; };
		4195CD7F226C64CA009933FE /* Info.plist */ = {isa = PBXFileReference; lastKnownFileType = text.plist.xml; path = Info.plist; sourceTree = "<group>"; };
		4195CD84226C64CA009933FE /* MobimeoTaskUITests.xctest */ = {isa = PBXFileReference; explicitFileType = wrapper.cfbundle; includeInIndex = 0; path = MobimeoTaskUITests.xctest; sourceTree = BUILT_PRODUCTS_DIR; };
		4195CD88226C64CA009933FE /* MobimeoTaskUITests.swift */ = {isa = PBXFileReference; lastKnownFileType = sourcecode.swift; path = MobimeoTaskUITests.swift; sourceTree = "<group>"; };
		4195CD8A226C64CA009933FE /* Info.plist */ = {isa = PBXFileReference; lastKnownFileType = text.plist.xml; path = Info.plist; sourceTree = "<group>"; };
		4195CD97226C6549009933FE /* NetworkClient.swift */ = {isa = PBXFileReference; lastKnownFileType = sourcecode.swift; path = NetworkClient.swift; sourceTree = "<group>"; };
		4195CD99226C6562009933FE /* EndpointType.swift */ = {isa = PBXFileReference; lastKnownFileType = sourcecode.swift; path = EndpointType.swift; sourceTree = "<group>"; };
		4195CD9B226C6598009933FE /* GiphyAPI.swift */ = {isa = PBXFileReference; lastKnownFileType = sourcecode.swift; path = GiphyAPI.swift; sourceTree = "<group>"; };
		4195CD9E226C66DC009933FE /* Constants.swift */ = {isa = PBXFileReference; lastKnownFileType = sourcecode.swift; path = Constants.swift; sourceTree = "<group>"; };
		4195CDA1226C67C5009933FE /* Response.swift */ = {isa = PBXFileReference; lastKnownFileType = sourcecode.swift; path = Response.swift; sourceTree = "<group>"; };
		4195CDA3226C7E53009933FE /* Giphy.swift */ = {isa = PBXFileReference; lastKnownFileType = sourcecode.swift; path = Giphy.swift; sourceTree = "<group>"; };
		4195CDA5226C7FDA009933FE /* OriginalGIF.swift */ = {isa = PBXFileReference; lastKnownFileType = sourcecode.swift; path = OriginalGIF.swift; sourceTree = "<group>"; };
		4195CDA7226C806C009933FE /* GiphyList.swift */ = {isa = PBXFileReference; lastKnownFileType = sourcecode.swift; path = GiphyList.swift; sourceTree = "<group>"; };
		4195CDA9226C83E4009933FE /* Images.swift */ = {isa = PBXFileReference; lastKnownFileType = sourcecode.swift; path = Images.swift; sourceTree = "<group>"; };
/* End PBXFileReference section */

/* Begin PBXFrameworksBuildPhase section */
		4195CD62226C64C7009933FE /* Frameworks */ = {
			isa = PBXFrameworksBuildPhase;
			buildActionMask = 2147483647;
			files = (
			);
			runOnlyForDeploymentPostprocessing = 0;
		};
		4195CD76226C64CA009933FE /* Frameworks */ = {
			isa = PBXFrameworksBuildPhase;
			buildActionMask = 2147483647;
			files = (
			);
			runOnlyForDeploymentPostprocessing = 0;
		};
		4195CD81226C64CA009933FE /* Frameworks */ = {
			isa = PBXFrameworksBuildPhase;
			buildActionMask = 2147483647;
			files = (
			);
			runOnlyForDeploymentPostprocessing = 0;
		};
/* End PBXFrameworksBuildPhase section */

/* Begin PBXGroup section */
		4195CD5C226C64C7009933FE = {
			isa = PBXGroup;
			children = (
				4195CD67226C64C7009933FE /* MobimeoTask */,
				4195CD7C226C64CA009933FE /* MobimeoTaskTests */,
				4195CD87226C64CA009933FE /* MobimeoTaskUITests */,
				4195CD66226C64C7009933FE /* Products */,
			);
			sourceTree = "<group>";
		};
		4195CD66226C64C7009933FE /* Products */ = {
			isa = PBXGroup;
			children = (
				4195CD65226C64C7009933FE /* MobimeoTask.app */,
				4195CD79226C64CA009933FE /* MobimeoTaskTests.xctest */,
				4195CD84226C64CA009933FE /* MobimeoTaskUITests.xctest */,
			);
			name = Products;
			sourceTree = "<group>";
		};
		4195CD67226C64C7009933FE /* MobimeoTask */ = {
			isa = PBXGroup;
			children = (
				4195CDA0226C67AB009933FE /* Model */,
				4195CD9D226C66C1009933FE /* Utilities */,
				4195CD96226C6515009933FE /* Networking */,
				4195CD68226C64C7009933FE /* AppDelegate.swift */,
				4195CD6A226C64C7009933FE /* ViewController.swift */,
				4195CD6C226C64C7009933FE /* Main.storyboard */,
				4195CD6F226C64C9009933FE /* Assets.xcassets */,
				4195CD71226C64C9009933FE /* LaunchScreen.storyboard */,
				4195CD74226C64C9009933FE /* Info.plist */,
			);
			path = MobimeoTask;
			sourceTree = "<group>";
		};
		4195CD7C226C64CA009933FE /* MobimeoTaskTests */ = {
			isa = PBXGroup;
			children = (
				4195CD7D226C64CA009933FE /* MobimeoTaskTests.swift */,
				4195CD7F226C64CA009933FE /* Info.plist */,
			);
			path = MobimeoTaskTests;
			sourceTree = "<group>";
		};
		4195CD87226C64CA009933FE /* MobimeoTaskUITests */ = {
			isa = PBXGroup;
			children = (
				4195CD88226C64CA009933FE /* MobimeoTaskUITests.swift */,
				4195CD8A226C64CA009933FE /* Info.plist */,
			);
			path = MobimeoTaskUITests;
			sourceTree = "<group>";
		};
		4195CD96226C6515009933FE /* Networking */ = {
			isa = PBXGroup;
			children = (
				4195CD97226C6549009933FE /* NetworkClient.swift */,
				4195CD99226C6562009933FE /* EndpointType.swift */,
				4195CD9B226C6598009933FE /* GiphyAPI.swift */,
			);
			path = Networking;
			sourceTree = "<group>";
		};
		4195CD9D226C66C1009933FE /* Utilities */ = {
			isa = PBXGroup;
			children = (
				4195CD9E226C66DC009933FE /* Constants.swift */,
			);
			path = Utilities;
			sourceTree = "<group>";
		};
		4195CDA0226C67AB009933FE /* Model */ = {
			isa = PBXGroup;
			children = (
				4195CDA1226C67C5009933FE /* Response.swift */,
				4195CDA3226C7E53009933FE /* Giphy.swift */,
				4195CDA5226C7FDA009933FE /* OriginalGIF.swift */,
				4195CDA7226C806C009933FE /* GiphyList.swift */,
				4195CDA9226C83E4009933FE /* Images.swift */,
			);
			path = Model;
			sourceTree = "<group>";
		};
/* End PBXGroup section */

/* Begin PBXNativeTarget section */
		4195CD64226C64C7009933FE /* MobimeoTask */ = {
			isa = PBXNativeTarget;
			buildConfigurationList = 4195CD8D226C64CA009933FE /* Build configuration list for PBXNativeTarget "MobimeoTask" */;
			buildPhases = (
				4195CD61226C64C7009933FE /* Sources */,
				4195CD62226C64C7009933FE /* Frameworks */,
				4195CD63226C64C7009933FE /* Resources */,
			);
			buildRules = (
			);
			dependencies = (
			);
			name = MobimeoTask;
			productName = MobimeoTask;
			productReference = 4195CD65226C64C7009933FE /* MobimeoTask.app */;
			productType = "com.apple.product-type.application";
		};
		4195CD78226C64CA009933FE /* MobimeoTaskTests */ = {
			isa = PBXNativeTarget;
			buildConfigurationList = 4195CD90226C64CA009933FE /* Build configuration list for PBXNativeTarget "MobimeoTaskTests" */;
			buildPhases = (
				4195CD75226C64CA009933FE /* Sources */,
				4195CD76226C64CA009933FE /* Frameworks */,
				4195CD77226C64CA009933FE /* Resources */,
			);
			buildRules = (
			);
			dependencies = (
				4195CD7B226C64CA009933FE /* PBXTargetDependency */,
			);
			name = MobimeoTaskTests;
			productName = MobimeoTaskTests;
			productReference = 4195CD79226C64CA009933FE /* MobimeoTaskTests.xctest */;
			productType = "com.apple.product-type.bundle.unit-test";
		};
		4195CD83226C64CA009933FE /* MobimeoTaskUITests */ = {
			isa = PBXNativeTarget;
			buildConfigurationList = 4195CD93226C64CA009933FE /* Build configuration list for PBXNativeTarget "MobimeoTaskUITests" */;
			buildPhases = (
				4195CD80226C64CA009933FE /* Sources */,
				4195CD81226C64CA009933FE /* Frameworks */,
				4195CD82226C64CA009933FE /* Resources */,
			);
			buildRules = (
			);
			dependencies = (
				4195CD86226C64CA009933FE /* PBXTargetDependency */,
			);
			name = MobimeoTaskUITests;
			productName = MobimeoTaskUITests;
			productReference = 4195CD84226C64CA009933FE /* MobimeoTaskUITests.xctest */;
			productType = "com.apple.product-type.bundle.ui-testing";
		};
/* End PBXNativeTarget section */

/* Begin PBXProject section */
		4195CD5D226C64C7009933FE /* Project object */ = {
			isa = PBXProject;
			attributes = {
				LastSwiftUpdateCheck = 1010;
				LastUpgradeCheck = 1010;
				ORGANIZATIONNAME = "Ali Kabel";
				TargetAttributes = {
					4195CD64226C64C7009933FE = {
						CreatedOnToolsVersion = 10.1;
					};
					4195CD78226C64CA009933FE = {
						CreatedOnToolsVersion = 10.1;
						TestTargetID = 4195CD64226C64C7009933FE;
					};
					4195CD83226C64CA009933FE = {
						CreatedOnToolsVersion = 10.1;
						TestTargetID = 4195CD64226C64C7009933FE;
					};
				};
			};
			buildConfigurationList = 4195CD60226C64C7009933FE /* Build configuration list for PBXProject "MobimeoTask" */;
			compatibilityVersion = "Xcode 9.3";
			developmentRegion = en;
			hasScannedForEncodings = 0;
			knownRegions = (
				en,
				Base,
			);
			mainGroup = 4195CD5C226C64C7009933FE;
			productRefGroup = 4195CD66226C64C7009933FE /* Products */;
			projectDirPath = "";
			projectRoot = "";
			targets = (
				4195CD64226C64C7009933FE /* MobimeoTask */,
				4195CD78226C64CA009933FE /* MobimeoTaskTests */,
				4195CD83226C64CA009933FE /* MobimeoTaskUITests */,
			);
		};
/* End PBXProject section */

/* Begin PBXResourcesBuildPhase section */
		4195CD63226C64C7009933FE /* Resources */ = {
			isa = PBXResourcesBuildPhase;
			buildActionMask = 2147483647;
			files = (
				4195CD73226C64C9009933FE /* LaunchScreen.storyboard in Resources */,
				4195CD70226C64C9009933FE /* Assets.xcassets in Resources */,
				4195CD6E226C64C7009933FE /* Main.storyboard in Resources */,
			);
			runOnlyForDeploymentPostprocessing = 0;
		};
		4195CD77226C64CA009933FE /* Resources */ = {
			isa = PBXResourcesBuildPhase;
			buildActionMask = 2147483647;
			files = (
			);
			runOnlyForDeploymentPostprocessing = 0;
		};
		4195CD82226C64CA009933FE /* Resources */ = {
			isa = PBXResourcesBuildPhase;
			buildActionMask = 2147483647;
			files = (
			);
			runOnlyForDeploymentPostprocessing = 0;
		};
/* End PBXResourcesBuildPhase section */

/* Begin PBXSourcesBuildPhase section */
		4195CD61226C64C7009933FE /* Sources */ = {
			isa = PBXSourcesBuildPhase;
			buildActionMask = 2147483647;
			files = (
				4195CD9A226C6562009933FE /* EndpointType.swift in Sources */,
				4195CD6B226C64C7009933FE /* ViewController.swift in Sources */,
				4195CDA6226C7FDA009933FE /* OriginalGIF.swift in Sources */,
				4195CDAA226C83E4009933FE /* Images.swift in Sources */,
				4195CDA4226C7E53009933FE /* Giphy.swift in Sources */,
				4195CD69226C64C7009933FE /* AppDelegate.swift in Sources */,
				4195CDA8226C806C009933FE /* GiphyList.swift in Sources */,
				4195CD98226C6549009933FE /* NetworkClient.swift in Sources */,
				4195CD9C226C6598009933FE /* GiphyAPI.swift in Sources */,
				4195CD9F226C66DC009933FE /* Constants.swift in Sources */,
				4195CDA2226C67C5009933FE /* Response.swift in Sources */,
			);
			runOnlyForDeploymentPostprocessing = 0;
		};
		4195CD75226C64CA009933FE /* Sources */ = {
			isa = PBXSourcesBuildPhase;
			buildActionMask = 2147483647;
			files = (
				4195CD7E226C64CA009933FE /* MobimeoTaskTests.swift in Sources */,
			);
			runOnlyForDeploymentPostprocessing = 0;
		};
		4195CD80226C64CA009933FE /* Sources */ = {
			isa = PBXSourcesBuildPhase;
			buildActionMask = 2147483647;
			files = (
				4195CD89226C64CA009933FE /* MobimeoTaskUITests.swift in Sources */,
			);
			runOnlyForDeploymentPostprocessing = 0;
		};
/* End PBXSourcesBuildPhase section */

/* Begin PBXTargetDependency section */
		4195CD7B226C64CA009933FE /* PBXTargetDependency */ = {
			isa = PBXTargetDependency;
			target = 4195CD64226C64C7009933FE /* MobimeoTask */;
			targetProxy = 4195CD7A226C64CA009933FE /* PBXContainerItemProxy */;
		};
		4195CD86226C64CA009933FE /* PBXTargetDependency */ = {
			isa = PBXTargetDependency;
			target = 4195CD64226C64C7009933FE /* MobimeoTask */;
			targetProxy = 4195CD85226C64CA009933FE /* PBXContainerItemProxy */;
		};
/* End PBXTargetDependency section */

/* Begin PBXVariantGroup section */
		4195CD6C226C64C7009933FE /* Main.storyboard */ = {
			isa = PBXVariantGroup;
			children = (
				4195CD6D226C64C7009933FE /* Base */,
			);
			name = Main.storyboard;
			sourceTree = "<group>";
		};
		4195CD71226C64C9009933FE /* LaunchScreen.storyboard */ = {
			isa = PBXVariantGroup;
			children = (
				4195CD72226C64C9009933FE /* Base */,
			);
			name = LaunchScreen.storyboard;
			sourceTree = "<group>";
		};
/* End PBXVariantGroup section */

/* Begin XCBuildConfiguration section */
		4195CD8B226C64CA009933FE /* Debug */ = {
			isa = XCBuildConfiguration;
			buildSettings = {
				ALWAYS_SEARCH_USER_PATHS = NO;
				CLANG_ANALYZER_NONNULL = YES;
				CLANG_ANALYZER_NUMBER_OBJECT_CONVERSION = YES_AGGRESSIVE;
				CLANG_CXX_LANGUAGE_STANDARD = "gnu++14";
				CLANG_CXX_LIBRARY = "libc++";
				CLANG_ENABLE_MODULES = YES;
				CLANG_ENABLE_OBJC_ARC = YES;
				CLANG_ENABLE_OBJC_WEAK = YES;
				CLANG_WARN_BLOCK_CAPTURE_AUTORELEASING = YES;
				CLANG_WARN_BOOL_CONVERSION = YES;
				CLANG_WARN_COMMA = YES;
				CLANG_WARN_CONSTANT_CONVERSION = YES;
				CLANG_WARN_DEPRECATED_OBJC_IMPLEMENTATIONS = YES;
				CLANG_WARN_DIRECT_OBJC_ISA_USAGE = YES_ERROR;
				CLANG_WARN_DOCUMENTATION_COMMENTS = YES;
				CLANG_WARN_EMPTY_BODY = YES;
				CLANG_WARN_ENUM_CONVERSION = YES;
				CLANG_WARN_INFINITE_RECURSION = YES;
				CLANG_WARN_INT_CONVERSION = YES;
				CLANG_WARN_NON_LITERAL_NULL_CONVERSION = YES;
				CLANG_WARN_OBJC_IMPLICIT_RETAIN_SELF = YES;
				CLANG_WARN_OBJC_LITERAL_CONVERSION = YES;
				CLANG_WARN_OBJC_ROOT_CLASS = YES_ERROR;
				CLANG_WARN_RANGE_LOOP_ANALYSIS = YES;
				CLANG_WARN_STRICT_PROTOTYPES = YES;
				CLANG_WARN_SUSPICIOUS_MOVE = YES;
				CLANG_WARN_UNGUARDED_AVAILABILITY = YES_AGGRESSIVE;
				CLANG_WARN_UNREACHABLE_CODE = YES;
				CLANG_WARN__DUPLICATE_METHOD_MATCH = YES;
				CODE_SIGN_IDENTITY = "iPhone Developer";
				COPY_PHASE_STRIP = NO;
				DEBUG_INFORMATION_FORMAT = dwarf;
				ENABLE_STRICT_OBJC_MSGSEND = YES;
				ENABLE_TESTABILITY = YES;
				GCC_C_LANGUAGE_STANDARD = gnu11;
				GCC_DYNAMIC_NO_PIC = NO;
				GCC_NO_COMMON_BLOCKS = YES;
				GCC_OPTIMIZATION_LEVEL = 0;
				GCC_PREPROCESSOR_DEFINITIONS = (
					"DEBUG=1",
					"$(inherited)",
				);
				GCC_WARN_64_TO_32_BIT_CONVERSION = YES;
				GCC_WARN_ABOUT_RETURN_TYPE = YES_ERROR;
				GCC_WARN_UNDECLARED_SELECTOR = YES;
				GCC_WARN_UNINITIALIZED_AUTOS = YES_AGGRESSIVE;
				GCC_WARN_UNUSED_FUNCTION = YES;
				GCC_WARN_UNUSED_VARIABLE = YES;
				IPHONEOS_DEPLOYMENT_TARGET = 12.1;
				MTL_ENABLE_DEBUG_INFO = INCLUDE_SOURCE;
				MTL_FAST_MATH = YES;
				ONLY_ACTIVE_ARCH = YES;
				SDKROOT = iphoneos;
				SWIFT_ACTIVE_COMPILATION_CONDITIONS = DEBUG;
				SWIFT_OPTIMIZATION_LEVEL = "-Onone";
			};
			name = Debug;
		};
		4195CD8C226C64CA009933FE /* Release */ = {
			isa = XCBuildConfiguration;
			buildSettings = {
				ALWAYS_SEARCH_USER_PATHS = NO;
				CLANG_ANALYZER_NONNULL = YES;
				CLANG_ANALYZER_NUMBER_OBJECT_CONVERSION = YES_AGGRESSIVE;
				CLANG_CXX_LANGUAGE_STANDARD = "gnu++14";
				CLANG_CXX_LIBRARY = "libc++";
				CLANG_ENABLE_MODULES = YES;
				CLANG_ENABLE_OBJC_ARC = YES;
				CLANG_ENABLE_OBJC_WEAK = YES;
				CLANG_WARN_BLOCK_CAPTURE_AUTORELEASING = YES;
				CLANG_WARN_BOOL_CONVERSION = YES;
				CLANG_WARN_COMMA = YES;
				CLANG_WARN_CONSTANT_CONVERSION = YES;
				CLANG_WARN_DEPRECATED_OBJC_IMPLEMENTATIONS = YES;
				CLANG_WARN_DIRECT_OBJC_ISA_USAGE = YES_ERROR;
				CLANG_WARN_DOCUMENTATION_COMMENTS = YES;
				CLANG_WARN_EMPTY_BODY = YES;
				CLANG_WARN_ENUM_CONVERSION = YES;
				CLANG_WARN_INFINITE_RECURSION = YES;
				CLANG_WARN_INT_CONVERSION = YES;
				CLANG_WARN_NON_LITERAL_NULL_CONVERSION = YES;
				CLANG_WARN_OBJC_IMPLICIT_RETAIN_SELF = YES;
				CLANG_WARN_OBJC_LITERAL_CONVERSION = YES;
				CLANG_WARN_OBJC_ROOT_CLASS = YES_ERROR;
				CLANG_WARN_RANGE_LOOP_ANALYSIS = YES;
				CLANG_WARN_STRICT_PROTOTYPES = YES;
				CLANG_WARN_SUSPICIOUS_MOVE = YES;
				CLANG_WARN_UNGUARDED_AVAILABILITY = YES_AGGRESSIVE;
				CLANG_WARN_UNREACHABLE_CODE = YES;
				CLANG_WARN__DUPLICATE_METHOD_MATCH = YES;
				CODE_SIGN_IDENTITY = "iPhone Developer";
				COPY_PHASE_STRIP = NO;
				DEBUG_INFORMATION_FORMAT = "dwarf-with-dsym";
				ENABLE_NS_ASSERTIONS = NO;
				ENABLE_STRICT_OBJC_MSGSEND = YES;
				GCC_C_LANGUAGE_STANDARD = gnu11;
				GCC_NO_COMMON_BLOCKS = YES;
				GCC_WARN_64_TO_32_BIT_CONVERSION = YES;
				GCC_WARN_ABOUT_RETURN_TYPE = YES_ERROR;
				GCC_WARN_UNDECLARED_SELECTOR = YES;
				GCC_WARN_UNINITIALIZED_AUTOS = YES_AGGRESSIVE;
				GCC_WARN_UNUSED_FUNCTION = YES;
				GCC_WARN_UNUSED_VARIABLE = YES;
				IPHONEOS_DEPLOYMENT_TARGET = 12.1;
				MTL_ENABLE_DEBUG_INFO = NO;
				MTL_FAST_MATH = YES;
				SDKROOT = iphoneos;
				SWIFT_COMPILATION_MODE = wholemodule;
				SWIFT_OPTIMIZATION_LEVEL = "-O";
				VALIDATE_PRODUCT = YES;
			};
			name = Release;
		};
		4195CD8E226C64CA009933FE /* Debug */ = {
			isa = XCBuildConfiguration;
			buildSettings = {
				ASSETCATALOG_COMPILER_APPICON_NAME = AppIcon;
				CODE_SIGN_STYLE = Automatic;
				INFOPLIST_FILE = MobimeoTask/Info.plist;
				LD_RUNPATH_SEARCH_PATHS = (
					"$(inherited)",
					"@executable_path/Frameworks",
				);
				PRODUCT_BUNDLE_IDENTIFIER = Ali.MobimeoTask;
				PRODUCT_NAME = "$(TARGET_NAME)";
				SWIFT_VERSION = 4.2;
				TARGETED_DEVICE_FAMILY = "1,2";
			};
			name = Debug;
		};
		4195CD8F226C64CA009933FE /* Release */ = {
			isa = XCBuildConfiguration;
			buildSettings = {
				ASSETCATALOG_COMPILER_APPICON_NAME = AppIcon;
				CODE_SIGN_STYLE = Automatic;
				INFOPLIST_FILE = MobimeoTask/Info.plist;
				LD_RUNPATH_SEARCH_PATHS = (
					"$(inherited)",
					"@executable_path/Frameworks",
				);
				PRODUCT_BUNDLE_IDENTIFIER = Ali.MobimeoTask;
				PRODUCT_NAME = "$(TARGET_NAME)";
				SWIFT_VERSION = 4.2;
				TARGETED_DEVICE_FAMILY = "1,2";
			};
			name = Release;
		};
		4195CD91226C64CA009933FE /* Debug */ = {
			isa = XCBuildConfiguration;
			buildSettings = {
				ALWAYS_EMBED_SWIFT_STANDARD_LIBRARIES = YES;
				BUNDLE_LOADER = "$(TEST_HOST)";
				CODE_SIGN_STYLE = Automatic;
				INFOPLIST_FILE = MobimeoTaskTests/Info.plist;
				LD_RUNPATH_SEARCH_PATHS = (
					"$(inherited)",
					"@executable_path/Frameworks",
					"@loader_path/Frameworks",
				);
				PRODUCT_BUNDLE_IDENTIFIER = Ali.MobimeoTaskTests;
				PRODUCT_NAME = "$(TARGET_NAME)";
				SWIFT_VERSION = 4.2;
				TARGETED_DEVICE_FAMILY = "1,2";
				TEST_HOST = "$(BUILT_PRODUCTS_DIR)/MobimeoTask.app/MobimeoTask";
			};
			name = Debug;
		};
		4195CD92226C64CA009933FE /* Release */ = {
			isa = XCBuildConfiguration;
			buildSettings = {
				ALWAYS_EMBED_SWIFT_STANDARD_LIBRARIES = YES;
				BUNDLE_LOADER = "$(TEST_HOST)";
				CODE_SIGN_STYLE = Automatic;
				INFOPLIST_FILE = MobimeoTaskTests/Info.plist;
				LD_RUNPATH_SEARCH_PATHS = (
					"$(inherited)",
					"@executable_path/Frameworks",
					"@loader_path/Frameworks",
				);
				PRODUCT_BUNDLE_IDENTIFIER = Ali.MobimeoTaskTests;
				PRODUCT_NAME = "$(TARGET_NAME)";
				SWIFT_VERSION = 4.2;
				TARGETED_DEVICE_FAMILY = "1,2";
				TEST_HOST = "$(BUILT_PRODUCTS_DIR)/MobimeoTask.app/MobimeoTask";
			};
			name = Release;
		};
		4195CD94226C64CA009933FE /* Debug */ = {
			isa = XCBuildConfiguration;
			buildSettings = {
				ALWAYS_EMBED_SWIFT_STANDARD_LIBRARIES = YES;
				CODE_SIGN_STYLE = Automatic;
				INFOPLIST_FILE = MobimeoTaskUITests/Info.plist;
				LD_RUNPATH_SEARCH_PATHS = (
					"$(inherited)",
					"@executable_path/Frameworks",
					"@loader_path/Frameworks",
				);
				PRODUCT_BUNDLE_IDENTIFIER = Ali.MobimeoTaskUITests;
				PRODUCT_NAME = "$(TARGET_NAME)";
				SWIFT_VERSION = 4.2;
				TARGETED_DEVICE_FAMILY = "1,2";
				TEST_TARGET_NAME = MobimeoTask;
			};
			name = Debug;
		};
		4195CD95226C64CA009933FE /* Release */ = {
			isa = XCBuildConfiguration;
			buildSettings = {
				ALWAYS_EMBED_SWIFT_STANDARD_LIBRARIES = YES;
				CODE_SIGN_STYLE = Automatic;
				INFOPLIST_FILE = MobimeoTaskUITests/Info.plist;
				LD_RUNPATH_SEARCH_PATHS = (
					"$(inherited)",
					"@executable_path/Frameworks",
					"@loader_path/Frameworks",
				);
				PRODUCT_BUNDLE_IDENTIFIER = Ali.MobimeoTaskUITests;
				PRODUCT_NAME = "$(TARGET_NAME)";
				SWIFT_VERSION = 4.2;
				TARGETED_DEVICE_FAMILY = "1,2";
				TEST_TARGET_NAME = MobimeoTask;
			};
			name = Release;
		};
/* End XCBuildConfiguration section */

/* Begin XCConfigurationList section */
		4195CD60226C64C7009933FE /* Build configuration list for PBXProject "MobimeoTask" */ = {
			isa = XCConfigurationList;
			buildConfigurations = (
				4195CD8B226C64CA009933FE /* Debug */,
				4195CD8C226C64CA009933FE /* Release */,
			);
			defaultConfigurationIsVisible = 0;
			defaultConfigurationName = Release;
		};
		4195CD8D226C64CA009933FE /* Build configuration list for PBXNativeTarget "MobimeoTask" */ = {
			isa = XCConfigurationList;
			buildConfigurations = (
				4195CD8E226C64CA009933FE /* Debug */,
				4195CD8F226C64CA009933FE /* Release */,
			);
			defaultConfigurationIsVisible = 0;
			defaultConfigurationName = Release;
		};
		4195CD90226C64CA009933FE /* Build configuration list for PBXNativeTarget "MobimeoTaskTests" */ = {
			isa = XCConfigurationList;
			buildConfigurations = (
				4195CD91226C64CA009933FE /* Debug */,
				4195CD92226C64CA009933FE /* Release */,
			);
			defaultConfigurationIsVisible = 0;
			defaultConfigurationName = Release;
		};
		4195CD93226C64CA009933FE /* Build configuration list for PBXNativeTarget "MobimeoTaskUITests" */ = {
			isa = XCConfigurationList;
			buildConfigurations = (
				4195CD94226C64CA009933FE /* Debug */,
				4195CD95226C64CA009933FE /* Release */,
			);
			defaultConfigurationIsVisible = 0;
			defaultConfigurationName = Release;
		};
/* End XCConfigurationList section */
	};
	rootObject = 4195CD5D226C64C7009933FE /* Project object */;
}
